
Microsoft Visual Studio Solution File, Format Version 12.00
# Visual Studio Version 16
VisualStudioVersion = 16.0.31515.178
MinimumVisualStudioVersion = 10.0.40219.1
Project("{9A19103F-16F7-4668-BE54-9A1E7A4F7556}") = "HelloWorldWeb", "HelloWorldWeb\HelloWorldWeb.csproj", "{E69B443C-7783-4929-AB00-8FF3E51C3513}"
EndProject
Project("{9A19103F-16F7-4668-BE54-9A1E7A4F7556}") = "HelloWorld", "HelloWorld.Console\HelloWorld.csproj", "{73725025-2D15-4E63-8479-6A93FFF13973}"
EndProject
Project("{9A19103F-16F7-4668-BE54-9A1E7A4F7556}") = "HelloWorldWeb.Tests", "HelloWorldWeb.Tests\HelloWorldWeb.Tests.csproj", "{8127ACFE-CC5C-4FBA-88CB-E5A3D8A6FE50}"
EndProject
Project("{2150E333-8FDC-42A3-9474-1A3956D46DE8}") = "Solution Items", "Solution Items", "{E27919FC-AF2B-4336-BF79-5AED0F0E19A4}"
	ProjectSection(SolutionItems) = preProject
		README.md = README.md
	EndProjectSection
EndProject
Project("{FAE04EC0-301F-11D3-BF4B-00C04F79EFBC}") = "WebApplication1", "WebApplication1\WebApplication1.csproj", "{D3E2BB95-F02F-41D7-9134-41A4156ED55C}"
EndProject
Global
	GlobalSection(SolutionConfigurationPlatforms) = preSolution
		Debug|Any CPU = Debug|Any CPU
		Release|Any CPU = Release|Any CPU
	EndGlobalSection
	GlobalSection(ProjectConfigurationPlatforms) = postSolution
		{E69B443C-7783-4929-AB00-8FF3E51C3513}.Debug|Any CPU.ActiveCfg = Debug|Any CPU
		{E69B443C-7783-4929-AB00-8FF3E51C3513}.Debug|Any CPU.Build.0 = Debug|Any CPU
		{E69B443C-7783-4929-AB00-8FF3E51C3513}.Release|Any CPU.ActiveCfg = Release|Any CPU
		{E69B443C-7783-4929-AB00-8FF3E51C3513}.Release|Any CPU.Build.0 = Release|Any CPU
		{73725025-2D15-4E63-8479-6A93FFF13973}.Debug|Any CPU.ActiveCfg = Debug|Any CPU
		{73725025-2D15-4E63-8479-6A93FFF13973}.Debug|Any CPU.Build.0 = Debug|Any CPU
		{73725025-2D15-4E63-8479-6A93FFF13973}.Release|Any CPU.ActiveCfg = Release|Any CPU
		{73725025-2D15-4E63-8479-6A93FFF13973}.Release|Any CPU.Build.0 = Release|Any CPU
		{8127ACFE-CC5C-4FBA-88CB-E5A3D8A6FE50}.Debug|Any CPU.ActiveCfg = Debug|Any CPU
		{8127ACFE-CC5C-4FBA-88CB-E5A3D8A6FE50}.Debug|Any CPU.Build.0 = Debug|Any CPU
		{8127ACFE-CC5C-4FBA-88CB-E5A3D8A6FE50}.Release|Any CPU.ActiveCfg = Release|Any CPU
		{8127ACFE-CC5C-4FBA-88CB-E5A3D8A6FE50}.Release|Any CPU.Build.0 = Release|Any CPU
		{D3E2BB95-F02F-41D7-9134-41A4156ED55C}.Debug|Any CPU.ActiveCfg = Debug|Any CPU
		{D3E2BB95-F02F-41D7-9134-41A4156ED55C}.Debug|Any CPU.Build.0 = Debug|Any CPU
		{D3E2BB95-F02F-41D7-9134-41A4156ED55C}.Release|Any CPU.ActiveCfg = Release|Any CPU
		{D3E2BB95-F02F-41D7-9134-41A4156ED55C}.Release|Any CPU.Build.0 = Release|Any CPU
	EndGlobalSection
	GlobalSection(SolutionProperties) = preSolution
		HideSolutionNode = FALSE
	EndGlobalSection
	GlobalSection(ExtensibilityGlobals) = postSolution
		SolutionGuid = {A7F12F98-8B28-4F0A-AE44-868B11DD47FD}
	EndGlobalSection
EndGlobal
